
Microsoft Visual Studio Solution File, Format Version 12.00
# Visual Studio 2013
VisualStudioVersion = 12.0.20827.3
MinimumVisualStudioVersion = 10.0.40219.1
Project("{FAE04EC0-301F-11D3-BF4B-00C04F79EFBC}") = "DAL-Library", "DAL-Library\DAL-Library.csproj", "{E4D18384-E487-4366-8A71-DB6B0195ED41}"
EndProject
Project("{FAE04EC0-301F-11D3-BF4B-00C04F79EFBC}") = "ViewTables", "ViewTables\ViewTables.csproj", "{3DB4C60E-7C57-4B69-A24A-963467C3D02A}"
EndProject
Global
	GlobalSection(SolutionConfigurationPlatforms) = preSolution
		Debug|Any CPU = Debug|Any CPU
		Release|Any CPU = Release|Any CPU
	EndGlobalSection
	GlobalSection(ProjectConfigurationPlatforms) = postSolution
		{E4D18384-E487-4366-8A71-DB6B0195ED41}.Debug|Any CPU.ActiveCfg = Debug|Any CPU
		{E4D18384-E487-4366-8A71-DB6B0195ED41}.Debug|Any CPU.Build.0 = Debug|Any CPU
		{E4D18384-E487-4366-8A71-DB6B0195ED41}.Release|Any CPU.ActiveCfg = Release|Any CPU
		{E4D18384-E487-4366-8A71-DB6B0195ED41}.Release|Any CPU.Build.0 = Release|Any CPU
		{3DB4C60E-7C57-4B69-A24A-963467C3D02A}.Debug|Any CPU.ActiveCfg = Debug|Any CPU
		{3DB4C60E-7C57-4B69-A24A-963467C3D02A}.Debug|Any CPU.Build.0 = Debug|Any CPU
		{3DB4C60E-7C57-4B69-A24A-963467C3D02A}.Release|Any CPU.ActiveCfg = Release|Any CPU
		{3DB4C60E-7C57-4B69-A24A-963467C3D02A}.Release|Any CPU.Build.0 = Release|Any CPU
	EndGlobalSection
	GlobalSection(SolutionProperties) = preSolution
		HideSolutionNode = FALSE
	EndGlobalSection
EndGlobal
