
Microsoft Visual Studio Solution File, Format Version 12.00
# Visual Studio 2013
VisualStudioVersion = 12.0.21005.1
MinimumVisualStudioVersion = 10.0.40219.1
Project("{FAE04EC0-301F-11D3-BF4B-00C04F79EFBC}") = "DAL-Library", "DAL-Library\DAL-Library.csproj", "{E4D18384-E487-4366-8A71-DB6B0195ED41}"
EndProject
Project("{FAE04EC0-301F-11D3-BF4B-00C04F79EFBC}") = "ViewTables", "ViewTables\ViewTables.csproj", "{3DB4C60E-7C57-4B69-A24A-963467C3D02A}"
EndProject
Project("{FAE04EC0-301F-11D3-BF4B-00C04F79EFBC}") = "BLL-Library", "BLL-Library\BLL-Library.csproj", "{54C1AE46-0405-450A-885D-1B1CBAEC9C62}"
EndProject
Project("{FAE04EC0-301F-11D3-BF4B-00C04F79EFBC}") = "WPF@Home", "WPF@Home\WPF@Home.csproj", "{47FE5355-21E2-4ED3-A63D-E56AD3691C83}"
	ProjectSection(ProjectDependencies) = postProject
		{863A2731-F861-4880-BDAA-6A19593C033D} = {863A2731-F861-4880-BDAA-6A19593C033D}
	EndProjectSection
EndProject
Project("{FAE04EC0-301F-11D3-BF4B-00C04F79EFBC}") = "WindowsService", "WindowsService\WindowsService.csproj", "{98637E3C-0422-4D82-81E5-446CA109D3B1}"
	ProjectSection(ProjectDependencies) = postProject
		{863A2731-F861-4880-BDAA-6A19593C033D} = {863A2731-F861-4880-BDAA-6A19593C033D}
	EndProjectSection
EndProject
Project("{FAE04EC0-301F-11D3-BF4B-00C04F79EFBC}") = "WcfService", "WcfService\WcfService.csproj", "{863A2731-F861-4880-BDAA-6A19593C033D}"
EndProject
Project("{FAE04EC0-301F-11D3-BF4B-00C04F79EFBC}") = "XMLCreator", "XMLCreator\XMLCreator.csproj", "{65DF6872-B14C-475A-9A17-4EB48A39702C}"
	ProjectSection(ProjectDependencies) = postProject
		{863A2731-F861-4880-BDAA-6A19593C033D} = {863A2731-F861-4880-BDAA-6A19593C033D}
	EndProjectSection
EndProject
Global
	GlobalSection(SolutionConfigurationPlatforms) = preSolution
		Debug|Any CPU = Debug|Any CPU
		Release|Any CPU = Release|Any CPU
	EndGlobalSection
	GlobalSection(ProjectConfigurationPlatforms) = postSolution
		{E4D18384-E487-4366-8A71-DB6B0195ED41}.Debug|Any CPU.ActiveCfg = Debug|Any CPU
		{E4D18384-E487-4366-8A71-DB6B0195ED41}.Debug|Any CPU.Build.0 = Debug|Any CPU
		{E4D18384-E487-4366-8A71-DB6B0195ED41}.Release|Any CPU.ActiveCfg = Release|Any CPU
		{E4D18384-E487-4366-8A71-DB6B0195ED41}.Release|Any CPU.Build.0 = Release|Any CPU
		{3DB4C60E-7C57-4B69-A24A-963467C3D02A}.Debug|Any CPU.ActiveCfg = Debug|Any CPU
		{3DB4C60E-7C57-4B69-A24A-963467C3D02A}.Debug|Any CPU.Build.0 = Debug|Any CPU
		{3DB4C60E-7C57-4B69-A24A-963467C3D02A}.Release|Any CPU.ActiveCfg = Release|Any CPU
		{3DB4C60E-7C57-4B69-A24A-963467C3D02A}.Release|Any CPU.Build.0 = Release|Any CPU
		{54C1AE46-0405-450A-885D-1B1CBAEC9C62}.Debug|Any CPU.ActiveCfg = Debug|Any CPU
		{54C1AE46-0405-450A-885D-1B1CBAEC9C62}.Debug|Any CPU.Build.0 = Debug|Any CPU
		{54C1AE46-0405-450A-885D-1B1CBAEC9C62}.Release|Any CPU.ActiveCfg = Release|Any CPU
		{54C1AE46-0405-450A-885D-1B1CBAEC9C62}.Release|Any CPU.Build.0 = Release|Any CPU
		{47FE5355-21E2-4ED3-A63D-E56AD3691C83}.Debug|Any CPU.ActiveCfg = Debug|Any CPU
		{47FE5355-21E2-4ED3-A63D-E56AD3691C83}.Debug|Any CPU.Build.0 = Debug|Any CPU
		{47FE5355-21E2-4ED3-A63D-E56AD3691C83}.Release|Any CPU.ActiveCfg = Release|Any CPU
		{47FE5355-21E2-4ED3-A63D-E56AD3691C83}.Release|Any CPU.Build.0 = Release|Any CPU
		{98637E3C-0422-4D82-81E5-446CA109D3B1}.Debug|Any CPU.ActiveCfg = Debug|Any CPU
		{98637E3C-0422-4D82-81E5-446CA109D3B1}.Debug|Any CPU.Build.0 = Debug|Any CPU
		{98637E3C-0422-4D82-81E5-446CA109D3B1}.Release|Any CPU.ActiveCfg = Release|Any CPU
		{98637E3C-0422-4D82-81E5-446CA109D3B1}.Release|Any CPU.Build.0 = Release|Any CPU
		{863A2731-F861-4880-BDAA-6A19593C033D}.Debug|Any CPU.ActiveCfg = Debug|Any CPU
		{863A2731-F861-4880-BDAA-6A19593C033D}.Debug|Any CPU.Build.0 = Debug|Any CPU
		{863A2731-F861-4880-BDAA-6A19593C033D}.Release|Any CPU.ActiveCfg = Release|Any CPU
		{863A2731-F861-4880-BDAA-6A19593C033D}.Release|Any CPU.Build.0 = Release|Any CPU
		{65DF6872-B14C-475A-9A17-4EB48A39702C}.Debug|Any CPU.ActiveCfg = Debug|Any CPU
		{65DF6872-B14C-475A-9A17-4EB48A39702C}.Debug|Any CPU.Build.0 = Debug|Any CPU
		{65DF6872-B14C-475A-9A17-4EB48A39702C}.Release|Any CPU.ActiveCfg = Release|Any CPU
		{65DF6872-B14C-475A-9A17-4EB48A39702C}.Release|Any CPU.Build.0 = Release|Any CPU
	EndGlobalSection
	GlobalSection(SolutionProperties) = preSolution
		HideSolutionNode = FALSE
	EndGlobalSection
EndGlobal
